
Microsoft Visual Studio Solution File, Format Version 12.00
# Visual Studio Version 16
VisualStudioVersion = 16.0.30011.22
MinimumVisualStudioVersion = 10.0.40219.1
Project("{9A19103F-16F7-4668-BE54-9A1E7A4F7556}") = "Section1Ex2", "Section1Ex2\Section1Ex2.csproj", "{AB86BCF1-B799-4527-966A-A812B592CFC7}"
EndProject
Global
	GlobalSection(SolutionConfigurationPlatforms) = preSolution
		Debug|Any CPU = Debug|Any CPU
		Release|Any CPU = Release|Any CPU
	EndGlobalSection
	GlobalSection(ProjectConfigurationPlatforms) = postSolution
		{AB86BCF1-B799-4527-966A-A812B592CFC7}.Debug|Any CPU.ActiveCfg = Debug|Any CPU
		{AB86BCF1-B799-4527-966A-A812B592CFC7}.Debug|Any CPU.Build.0 = Debug|Any CPU
		{AB86BCF1-B799-4527-966A-A812B592CFC7}.Release|Any CPU.ActiveCfg = Release|Any CPU
		{AB86BCF1-B799-4527-966A-A812B592CFC7}.Release|Any CPU.Build.0 = Release|Any CPU
	EndGlobalSection
	GlobalSection(SolutionProperties) = preSolution
		HideSolutionNode = FALSE
	EndGlobalSection
	GlobalSection(ExtensibilityGlobals) = postSolution
		SolutionGuid = {16B268A2-3E2F-436E-A67D-E5AA280C41CD}
	EndGlobalSection
EndGlobal
